
Microsoft Visual Studio Solution File, Format Version 12.00
# Visual Studio Version 17
VisualStudioVersion = 17.6.33712.159
MinimumVisualStudioVersion = 10.0.40219.1
Project("{FAE04EC0-301F-11D3-BF4B-00C04F79EFBC}") = "databaseFirstApproach", "databaseFirstApproach\databaseFirstApproach.csproj", "{DE5DB166-E18D-4055-BF34-C7E788FCB434}"
EndProject
Global
	GlobalSection(SolutionConfigurationPlatforms) = preSolution
		Debug|Any CPU = Debug|Any CPU
		Release|Any CPU = Release|Any CPU
	EndGlobalSection
	GlobalSection(ProjectConfigurationPlatforms) = postSolution
		{DE5DB166-E18D-4055-BF34-C7E788FCB434}.Debug|Any CPU.ActiveCfg = Debug|Any CPU
		{DE5DB166-E18D-4055-BF34-C7E788FCB434}.Debug|Any CPU.Build.0 = Debug|Any CPU
		{DE5DB166-E18D-4055-BF34-C7E788FCB434}.Release|Any CPU.ActiveCfg = Release|Any CPU
		{DE5DB166-E18D-4055-BF34-C7E788FCB434}.Release|Any CPU.Build.0 = Release|Any CPU
	EndGlobalSection
	GlobalSection(SolutionProperties) = preSolution
		HideSolutionNode = FALSE
	EndGlobalSection
	GlobalSection(ExtensibilityGlobals) = postSolution
		SolutionGuid = {1A41CBE8-FC98-40F5-916A-EC15CE0870C9}
	EndGlobalSection
EndGlobal
